PODS:
  - CPYGridPagingLayout (0.2.3)

DEPENDENCIES:
  - CPYGridPagingLayout (from `../`)

EXTERNAL SOURCES:
  CPYGridPagingLayout:
    :path: "../"

SPEC CHECKSUMS:
  CPYGridPagingLayout: ede8c4d733957088fdb464d2cd69315eef9507d3

PODFILE CHECKSUM: e01623c86cafd5a0a10fdbc61e33284bbb0f6c40

COCOAPODS: 1.1.1
