PODS:
  - CPYGridPagingLayout (0.2.1)

DEPENDENCIES:
  - CPYGridPagingLayout (from `../`)

EXTERNAL SOURCES:
  CPYGridPagingLayout:
    :path: "../"

SPEC CHECKSUMS:
  CPYGridPagingLayout: 1a9c29fefa430ac19905584ffd606635b1025286

PODFILE CHECKSUM: e01623c86cafd5a0a10fdbc61e33284bbb0f6c40

COCOAPODS: 1.1.1
